
Microsoft Visual Studio Solution File, Format Version 12.00
# Visual Studio Version 17
VisualStudioVersion = 17.0.31903.59
MinimumVisualStudioVersion = 10.0.40219.1
Project("{FAE04EC0-301F-11D3-BF4B-00C04F79EFBC}") = "FastRespawnUtility", "FastRespawnUtility\FastRespawnUtility.csproj", "{514A2C66-8B67-4DD8-A75B-7AB696876381}"
EndProject
Global
	GlobalSection(SolutionConfigurationPlatforms) = preSolution
		Debug|Any CPU = Debug|Any CPU
		Release|Any CPU = Release|Any CPU
	EndGlobalSection
	GlobalSection(ProjectConfigurationPlatforms) = postSolution
		{514A2C66-8B67-4DD8-A75B-7AB696876381}.Debug|Any CPU.ActiveCfg = Debug|Any CPU
		{514A2C66-8B67-4DD8-A75B-7AB696876381}.Debug|Any CPU.Build.0 = Debug|Any CPU
		{514A2C66-8B67-4DD8-A75B-7AB696876381}.Release|Any CPU.ActiveCfg = Release|Any CPU
		{514A2C66-8B67-4DD8-A75B-7AB696876381}.Release|Any CPU.Build.0 = Release|Any CPU
	EndGlobalSection
	GlobalSection(SolutionProperties) = preSolution
		HideSolutionNode = FALSE
	EndGlobalSection
	GlobalSection(ExtensibilityGlobals) = postSolution
		SolutionGuid = {83443A42-4CCF-497C-87B0-A0CD4D414DE3}
	EndGlobalSection
EndGlobal
